
Microsoft Visual Studio Solution File, Format Version 12.00
# Visual Studio 2012
Project("{FAE04EC0-301F-11D3-BF4B-00C04F79EFBC}") = "PublicReporter", "PublicReporter\PublicReporter.csproj", "{FC1FD693-D2CF-434D-9C84-29C6987DE3A9}"
EndProject
Project("{FAE04EC0-301F-11D3-BF4B-00C04F79EFBC}") = "PublicReporterLib", "PublicReporterLib\PublicReporterLib.csproj", "{9E5CDD7B-9CE2-42A8-907E-C1F9D3E8312C}"
EndProject
Project("{FAE04EC0-301F-11D3-BF4B-00C04F79EFBC}") = "ProjectReporterPlugin", "ProjectReporterPlugin\ProjectReporterPlugin.csproj", "{38EBEF55-FFC2-402B-ACB0-25C63031A509}"
EndProject
Project("{FAE04EC0-301F-11D3-BF4B-00C04F79EFBC}") = "ProjectContractPlugin", "ProjectContractPlugin\ProjectContractPlugin.csproj", "{C49657CA-E53A-4393-BC2B-3F44ABAE0CDA}"
EndProject
Project("{FAE04EC0-301F-11D3-BF4B-00C04F79EFBC}") = "ProjectProtocolPlugin", "ProjectProtocolPlugin\ProjectProtocolPlugin.csproj", "{EBD2560C-7795-4133-8EBC-0283EEBCD383}"
EndProject
Project("{FAE04EC0-301F-11D3-BF4B-00C04F79EFBC}") = "ProjectMilitaryTechnologPlanPlugin", "ProjectMilitaryTechnologPlanPlugin\ProjectMilitaryTechnologPlanPlugin.csproj", "{35DC34EF-00C8-4FF1-BEA5-DA86A0CF8A45}"
EndProject
Project("{FAE04EC0-301F-11D3-BF4B-00C04F79EFBC}") = "AbstractEditorPlugin", "AbstractEditorPlugin\AbstractEditorPlugin.csproj", "{69F88FAC-0A8D-46E5-94E3-ED928CFD04EE}"
EndProject
Global
	GlobalSection(SolutionConfigurationPlatforms) = preSolution
		Debug|Any CPU = Debug|Any CPU
		Debug|Mixed Platforms = Debug|Mixed Platforms
		Debug|x86 = Debug|x86
		Release|Any CPU = Release|Any CPU
		Release|Mixed Platforms = Release|Mixed Platforms
		Release|x86 = Release|x86
	EndGlobalSection
	GlobalSection(ProjectConfigurationPlatforms) = postSolution
		{FC1FD693-D2CF-434D-9C84-29C6987DE3A9}.Debug|Any CPU.ActiveCfg = Debug|Any CPU
		{FC1FD693-D2CF-434D-9C84-29C6987DE3A9}.Debug|Any CPU.Build.0 = Debug|Any CPU
		{FC1FD693-D2CF-434D-9C84-29C6987DE3A9}.Debug|Mixed Platforms.ActiveCfg = Debug|x86
		{FC1FD693-D2CF-434D-9C84-29C6987DE3A9}.Debug|Mixed Platforms.Build.0 = Debug|x86
		{FC1FD693-D2CF-434D-9C84-29C6987DE3A9}.Debug|x86.ActiveCfg = Debug|x86
		{FC1FD693-D2CF-434D-9C84-29C6987DE3A9}.Debug|x86.Build.0 = Debug|x86
		{FC1FD693-D2CF-434D-9C84-29C6987DE3A9}.Release|Any CPU.ActiveCfg = Release|Any CPU
		{FC1FD693-D2CF-434D-9C84-29C6987DE3A9}.Release|Any CPU.Build.0 = Release|Any CPU
		{FC1FD693-D2CF-434D-9C84-29C6987DE3A9}.Release|Mixed Platforms.ActiveCfg = Release|x86
		{FC1FD693-D2CF-434D-9C84-29C6987DE3A9}.Release|Mixed Platforms.Build.0 = Release|x86
		{FC1FD693-D2CF-434D-9C84-29C6987DE3A9}.Release|x86.ActiveCfg = Release|x86
		{FC1FD693-D2CF-434D-9C84-29C6987DE3A9}.Release|x86.Build.0 = Release|x86
		{9E5CDD7B-9CE2-42A8-907E-C1F9D3E8312C}.Debug|Any CPU.ActiveCfg = Debug|Any CPU
		{9E5CDD7B-9CE2-42A8-907E-C1F9D3E8312C}.Debug|Any CPU.Build.0 = Debug|Any CPU
		{9E5CDD7B-9CE2-42A8-907E-C1F9D3E8312C}.Debug|Mixed Platforms.ActiveCfg = Debug|x86
		{9E5CDD7B-9CE2-42A8-907E-C1F9D3E8312C}.Debug|Mixed Platforms.Build.0 = Debug|x86
		{9E5CDD7B-9CE2-42A8-907E-C1F9D3E8312C}.Debug|x86.ActiveCfg = Debug|x86
		{9E5CDD7B-9CE2-42A8-907E-C1F9D3E8312C}.Debug|x86.Build.0 = Debug|x86
		{9E5CDD7B-9CE2-42A8-907E-C1F9D3E8312C}.Release|Any CPU.ActiveCfg = Release|Any CPU
		{9E5CDD7B-9CE2-42A8-907E-C1F9D3E8312C}.Release|Any CPU.Build.0 = Release|Any CPU
		{9E5CDD7B-9CE2-42A8-907E-C1F9D3E8312C}.Release|Mixed Platforms.ActiveCfg = Release|x86
		{9E5CDD7B-9CE2-42A8-907E-C1F9D3E8312C}.Release|Mixed Platforms.Build.0 = Release|x86
		{9E5CDD7B-9CE2-42A8-907E-C1F9D3E8312C}.Release|x86.ActiveCfg = Release|x86
		{9E5CDD7B-9CE2-42A8-907E-C1F9D3E8312C}.Release|x86.Build.0 = Release|x86
		{38EBEF55-FFC2-402B-ACB0-25C63031A509}.Debug|Any CPU.ActiveCfg = Debug|Any CPU
		{38EBEF55-FFC2-402B-ACB0-25C63031A509}.Debug|Any CPU.Build.0 = Debug|Any CPU
		{38EBEF55-FFC2-402B-ACB0-25C63031A509}.Debug|Mixed Platforms.ActiveCfg = Debug|x86
		{38EBEF55-FFC2-402B-ACB0-25C63031A509}.Debug|Mixed Platforms.Build.0 = Debug|x86
		{38EBEF55-FFC2-402B-ACB0-25C63031A509}.Debug|x86.ActiveCfg = Debug|x86
		{38EBEF55-FFC2-402B-ACB0-25C63031A509}.Debug|x86.Build.0 = Debug|x86
		{38EBEF55-FFC2-402B-ACB0-25C63031A509}.Release|Any CPU.ActiveCfg = Release|Any CPU
		{38EBEF55-FFC2-402B-ACB0-25C63031A509}.Release|Any CPU.Build.0 = Release|Any CPU
		{38EBEF55-FFC2-402B-ACB0-25C63031A509}.Release|Mixed Platforms.ActiveCfg = Release|x86
		{38EBEF55-FFC2-402B-ACB0-25C63031A509}.Release|Mixed Platforms.Build.0 = Release|x86
		{38EBEF55-FFC2-402B-ACB0-25C63031A509}.Release|x86.ActiveCfg = Release|x86
		{38EBEF55-FFC2-402B-ACB0-25C63031A509}.Release|x86.Build.0 = Release|x86
		{C49657CA-E53A-4393-BC2B-3F44ABAE0CDA}.Debug|Any CPU.ActiveCfg = Debug|Any CPU
		{C49657CA-E53A-4393-BC2B-3F44ABAE0CDA}.Debug|Any CPU.Build.0 = Debug|Any CPU
		{C49657CA-E53A-4393-BC2B-3F44ABAE0CDA}.Debug|Mixed Platforms.ActiveCfg = Debug|x86
		{C49657CA-E53A-4393-BC2B-3F44ABAE0CDA}.Debug|Mixed Platforms.Build.0 = Debug|x86
		{C49657CA-E53A-4393-BC2B-3F44ABAE0CDA}.Debug|x86.ActiveCfg = Debug|x86
		{C49657CA-E53A-4393-BC2B-3F44ABAE0CDA}.Debug|x86.Build.0 = Debug|x86
		{C49657CA-E53A-4393-BC2B-3F44ABAE0CDA}.Release|Any CPU.ActiveCfg = Release|Any CPU
		{C49657CA-E53A-4393-BC2B-3F44ABAE0CDA}.Release|Any CPU.Build.0 = Release|Any CPU
		{C49657CA-E53A-4393-BC2B-3F44ABAE0CDA}.Release|Mixed Platforms.ActiveCfg = Release|x86
		{C49657CA-E53A-4393-BC2B-3F44ABAE0CDA}.Release|Mixed Platforms.Build.0 = Release|x86
		{C49657CA-E53A-4393-BC2B-3F44ABAE0CDA}.Release|x86.ActiveCfg = Release|x86
		{C49657CA-E53A-4393-BC2B-3F44ABAE0CDA}.Release|x86.Build.0 = Release|x86
		{EBD2560C-7795-4133-8EBC-0283EEBCD383}.Debug|Any CPU.ActiveCfg = Debug|Any CPU
		{EBD2560C-7795-4133-8EBC-0283EEBCD383}.Debug|Any CPU.Build.0 = Debug|Any CPU
		{EBD2560C-7795-4133-8EBC-0283EEBCD383}.Debug|Mixed Platforms.ActiveCfg = Debug|x86
		{EBD2560C-7795-4133-8EBC-0283EEBCD383}.Debug|Mixed Platforms.Build.0 = Debug|x86
		{EBD2560C-7795-4133-8EBC-0283EEBCD383}.Debug|x86.ActiveCfg = Debug|x86
		{EBD2560C-7795-4133-8EBC-0283EEBCD383}.Debug|x86.Build.0 = Debug|x86
		{EBD2560C-7795-4133-8EBC-0283EEBCD383}.Release|Any CPU.ActiveCfg = Release|Any CPU
		{EBD2560C-7795-4133-8EBC-0283EEBCD383}.Release|Any CPU.Build.0 = Release|Any CPU
		{EBD2560C-7795-4133-8EBC-0283EEBCD383}.Release|Mixed Platforms.ActiveCfg = Release|x86
		{EBD2560C-7795-4133-8EBC-0283EEBCD383}.Release|Mixed Platforms.Build.0 = Release|x86
		{EBD2560C-7795-4133-8EBC-0283EEBCD383}.Release|x86.ActiveCfg = Release|x86
		{EBD2560C-7795-4133-8EBC-0283EEBCD383}.Release|x86.Build.0 = Release|x86
		{35DC34EF-00C8-4FF1-BEA5-DA86A0CF8A45}.Debug|Any CPU.ActiveCfg = Debug|Any CPU
		{35DC34EF-00C8-4FF1-BEA5-DA86A0CF8A45}.Debug|Any CPU.Build.0 = Debug|Any CPU
		{35DC34EF-00C8-4FF1-BEA5-DA86A0CF8A45}.Debug|Mixed Platforms.ActiveCfg = Debug|Any CPU
		{35DC34EF-00C8-4FF1-BEA5-DA86A0CF8A45}.Debug|Mixed Platforms.Build.0 = Debug|Any CPU
		{35DC34EF-00C8-4FF1-BEA5-DA86A0CF8A45}.Debug|x86.ActiveCfg = Debug|x86
		{35DC34EF-00C8-4FF1-BEA5-DA86A0CF8A45}.Debug|x86.Build.0 = Debug|x86
		{35DC34EF-00C8-4FF1-BEA5-DA86A0CF8A45}.Release|Any CPU.ActiveCfg = Release|Any CPU
		{35DC34EF-00C8-4FF1-BEA5-DA86A0CF8A45}.Release|Any CPU.Build.0 = Release|Any CPU
		{35DC34EF-00C8-4FF1-BEA5-DA86A0CF8A45}.Release|Mixed Platforms.ActiveCfg = Release|Any CPU
		{35DC34EF-00C8-4FF1-BEA5-DA86A0CF8A45}.Release|Mixed Platforms.Build.0 = Release|Any CPU
		{35DC34EF-00C8-4FF1-BEA5-DA86A0CF8A45}.Release|x86.ActiveCfg = Release|x86
		{35DC34EF-00C8-4FF1-BEA5-DA86A0CF8A45}.Release|x86.Build.0 = Release|x86
		{69F88FAC-0A8D-46E5-94E3-ED928CFD04EE}.Debug|Any CPU.ActiveCfg = Debug|Any CPU
		{69F88FAC-0A8D-46E5-94E3-ED928CFD04EE}.Debug|Any CPU.Build.0 = Debug|Any CPU
		{69F88FAC-0A8D-46E5-94E3-ED928CFD04EE}.Debug|Mixed Platforms.ActiveCfg = Debug|Any CPU
		{69F88FAC-0A8D-46E5-94E3-ED928CFD04EE}.Debug|Mixed Platforms.Build.0 = Debug|Any CPU
		{69F88FAC-0A8D-46E5-94E3-ED928CFD04EE}.Debug|x86.ActiveCfg = Debug|x86
		{69F88FAC-0A8D-46E5-94E3-ED928CFD04EE}.Debug|x86.Build.0 = Debug|x86
		{69F88FAC-0A8D-46E5-94E3-ED928CFD04EE}.Release|Any CPU.ActiveCfg = Release|Any CPU
		{69F88FAC-0A8D-46E5-94E3-ED928CFD04EE}.Release|Any CPU.Build.0 = Release|Any CPU
		{69F88FAC-0A8D-46E5-94E3-ED928CFD04EE}.Release|Mixed Platforms.ActiveCfg = Release|Any CPU
		{69F88FAC-0A8D-46E5-94E3-ED928CFD04EE}.Release|Mixed Platforms.Build.0 = Release|Any CPU
		{69F88FAC-0A8D-46E5-94E3-ED928CFD04EE}.Release|x86.ActiveCfg = Release|x86
		{69F88FAC-0A8D-46E5-94E3-ED928CFD04EE}.Release|x86.Build.0 = Release|x86
	EndGlobalSection
	GlobalSection(SolutionProperties) = preSolution
		HideSolutionNode = FALSE
	EndGlobalSection
EndGlobal
